<?xml version="1.0" encoding="utf-8"?>
<Project ToolsVersion="4.0" xmlns="http://schemas.microsoft.com/developer/msbuild/2003">
  <ItemGroup>
    <Filter Include="Source Files">
      <UniqueIdentifier>{4FC737F1-C7A5-4376-A066-2A32D752A2FF}</UniqueIdentifier>
      <Extensions>cpp;c;cc;cxx;def;odl;idl;hpj;bat;asm;asmx</Extensions>
    </Filter>
    <Filter Include="Header Files">
      <UniqueIdentifier>{93995380-89BD-4b04-88EB-625FBE52EBFB}</UniqueIdentifier>
      <Extensions>h;hh;hpp;hxx;hm;inl;inc;xsd</Extensions>
    </Filter>
    <Filter Include="Resource Files">
      <UniqueIdentifier>{67DA6AB6-F800-4c08-8B7A-83BB121AAD01}</UniqueIdentifier>
      <Extensions>rc;ico;cur;bmp;dlg;rc2;rct;bin;rgs;gif;jpg;jpeg;jpe;resx;tiff;tif;png;wav;mfcribbon-ms</Extensions>
    </Filter>
  </ItemGroup>
  <ItemGroup>
    <ClCompile Include="Main.cpp">
      <Filter>Source Files</Filter>
    </ClCompile>
    <ClCompile Include="GuiConsole.cpp">
      <Filter>Source Files</Filter>
    </ClCompile>
    <ClCompile Include="PokerAiController.cpp">
      <Filter>Source Files</Filter>
    </ClCompile>
    <ClCompile Include="PokerAiUiWindow.cpp">
      <Filter>Source Files</Filter>
    </ClCompile>
    <ClCompile Include="AwesomiumUiWindow.cpp">
      <Filter>Source Files</Filter>
    </ClCompile>
    <ClCompile Include="AwesomiumMessageDispatcher.cpp">
      <Filter>Source Files</Filter>
    </ClCompile>
    <ClCompile Include="json.cpp">
      <Filter>Source Files</Filter>
    </ClCompile>
    <ClCompile Include="GaEvolverController.cpp">
      <Filter>Source Files</Filter>
    </ClCompile>
    <ClCompile Include="Player.cpp">
      <Filter>Source Files</Filter>
    </ClCompile>
    <ClCompile Include="PotController.cpp">
      <Filter>Source Files</Filter>
    </ClCompile>
    <ClCompile Include="Deck.cpp">
      <Filter>Source Files</Filter>
    </ClCompile>
    <ClCompile Include="TournamentController.cpp">
      <Filter>Source Files</Filter>
    </ClCompile>
    <ClCompile Include="PlayerState.cpp">
      <Filter>Source Files</Filter>
    </ClCompile>
    <ClCompile Include="Util.cpp">
      <Filter>Source Files</Filter>
    </ClCompile>
    <ClCompile Include="PokerState.cpp">
      <Filter>Source Files</Filter>
    </ClCompile>
    <ClCompile Include="Logger.cpp">
      <Filter>Source Files</Filter>
    </ClCompile>
    <ClCompile Include="Strategy.cpp">
      <Filter>Source Files</Filter>
    </ClCompile>
    <ClCompile Include="PythonManager.cpp">
      <Filter>Source Files</Filter>
    </ClCompile>
    <ClCompile Include="StateVariableCollection.cpp">
      <Filter>Source Files</Filter>
    </ClCompile>
    <ClCompile Include="StrategyManager.cpp">
      <Filter>Source Files</Filter>
    </ClCompile>
    <ClCompile Include="GaEvolverTournamentWorker.cpp">
      <Filter>Source Files</Filter>
    </ClCompile>
    <ClCompile Include="GaEvolverGenerationWorker.cpp">
      <Filter>Source Files</Filter>
    </ClCompile>
    <ClCompile Include="StrategyEvaluationDataProvider.cpp">
      <Filter>Source Files</Filter>
    </ClCompile>
    <ClCompile Include="TournamentResultCollector.cpp">
      <Filter>Source Files</Filter>
    </ClCompile>
    <ClCompile Include="DbConnectionManager.cpp">
      <Filter>Source Files</Filter>
    </ClCompile>
  </ItemGroup>
  <ItemGroup>
    <ClInclude Include="GuiConsole.hpp">
      <Filter>Header Files</Filter>
    </ClInclude>
    <ClInclude Include="PokerAiController.hpp">
      <Filter>Header Files</Filter>
    </ClInclude>
    <ClInclude Include="AwesomiumUiWindow.hpp">
      <Filter>Header Files</Filter>
    </ClInclude>
    <ClInclude Include="PokerAiUiWindow.hpp">
      <Filter>Header Files</Filter>
    </ClInclude>
    <ClInclude Include="AwesomiumMessageDispatcher.hpp">
      <Filter>Header Files</Filter>
    </ClInclude>
    <ClInclude Include="AwesomiumJsDelegate.hpp">
      <Filter>Header Files</Filter>
    </ClInclude>
    <ClInclude Include="json.hpp">
      <Filter>Header Files</Filter>
    </ClInclude>
    <ClInclude Include="GaEvolverController.hpp">
      <Filter>Header Files</Filter>
    </ClInclude>
    <ClInclude Include="Deck.hpp">
      <Filter>Header Files</Filter>
    </ClInclude>
    <ClInclude Include="Player.hpp">
      <Filter>Header Files</Filter>
    </ClInclude>
    <ClInclude Include="PotController.hpp">
      <Filter>Header Files</Filter>
    </ClInclude>
    <ClInclude Include="TournamentController.hpp">
      <Filter>Header Files</Filter>
    </ClInclude>
    <ClInclude Include="PokerState.hpp">
      <Filter>Header Files</Filter>
    </ClInclude>
    <ClInclude Include="PlayerState.hpp">
      <Filter>Header Files</Filter>
    </ClInclude>
    <ClInclude Include="PokerEnumerations.hpp">
      <Filter>Header Files</Filter>
    </ClInclude>
    <ClInclude Include="Util.hpp">
      <Filter>Header Files</Filter>
    </ClInclude>
    <ClInclude Include="Logger.hpp">
      <Filter>Header Files</Filter>
    </ClInclude>
    <ClInclude Include="Strategy.hpp">
      <Filter>Header Files</Filter>
    </ClInclude>
    <ClInclude Include="PythonManager.hpp">
      <Filter>Header Files</Filter>
    </ClInclude>
    <ClInclude Include="StateVariableCollection.hpp">
      <Filter>Header Files</Filter>
    </ClInclude>
    <ClInclude Include="StrategyEvaluationDataProvider.hpp">
      <Filter>Header Files</Filter>
    </ClInclude>
    <ClInclude Include="StrategyManager.hpp">
      <Filter>Header Files</Filter>
    </ClInclude>
    <ClInclude Include="GaEvolverTournamentWorker.hpp">
      <Filter>Header Files</Filter>
    </ClInclude>
    <ClInclude Include="GaEvolverGenerationWorker.hpp">
      <Filter>Header Files</Filter>
    </ClInclude>
    <ClInclude Include="TournamentResultCollector.hpp">
      <Filter>Header Files</Filter>
    </ClInclude>
    <ClInclude Include="DbConnectionManager.hpp">
      <Filter>Header Files</Filter>
    </ClInclude>
  </ItemGroup>
</Project>